{
  "requires": true,
  "lockfileVersion": 1,
  "dependencies": {
    "highcharts": {
      "version": "9.2.2",
      "resolved": "https://registry.npmjs.org/highcharts/-/highcharts-9.2.2.tgz",
      "integrity": "sha512-OMEdFCaG626ES1JEcKAvJTpxAOMuchy0XuAplmnOs0Yu7NMd2RMfTLFQ2fCJOxo3ubSdm/RVQwKAWC+5HYThnw=="
    }
  }
}
